
Microsoft Visual Studio Solution File, Format Version 12.00
# Visual Studio 15
VisualStudioVersion = 15.0.27004.2009
MinimumVisualStudioVersion = 10.0.40219.1
Project("{8BC9CEB8-8B4A-11D0-8D11-00A0C91BC942}") = "RADDI node", "node\node.vcxproj", "{5FC7EF83-90C2-4D12-B980-1B9530C25912}"
EndProject
Project("{8BC9CEB8-8B4A-11D0-8D11-00A0C91BC942}") = "raddi.com", "com\raddi.com.vcxproj", "{04C91036-A0A3-4D33-8C4E-DEF5B8523950}"
EndProject
Global
	GlobalSection(SolutionConfigurationPlatforms) = preSolution
		Debug|x64 = Debug|x64
		Debug|x86 = Debug|x86
		Portable|x64 = Portable|x64
		Portable|x86 = Portable|x86
		Release|x64 = Release|x64
		Release|x86 = Release|x86
	EndGlobalSection
	GlobalSection(ProjectConfigurationPlatforms) = postSolution
		{5FC7EF83-90C2-4D12-B980-1B9530C25912}.Debug|x64.ActiveCfg = Debug|x64
		{5FC7EF83-90C2-4D12-B980-1B9530C25912}.Debug|x64.Build.0 = Debug|x64
		{5FC7EF83-90C2-4D12-B980-1B9530C25912}.Debug|x86.ActiveCfg = Debug|Win32
		{5FC7EF83-90C2-4D12-B980-1B9530C25912}.Debug|x86.Build.0 = Debug|Win32
		{5FC7EF83-90C2-4D12-B980-1B9530C25912}.Portable|x64.ActiveCfg = Portable|x64
		{5FC7EF83-90C2-4D12-B980-1B9530C25912}.Portable|x64.Build.0 = Portable|x64
		{5FC7EF83-90C2-4D12-B980-1B9530C25912}.Portable|x86.ActiveCfg = Portable|Win32
		{5FC7EF83-90C2-4D12-B980-1B9530C25912}.Portable|x86.Build.0 = Portable|Win32
		{5FC7EF83-90C2-4D12-B980-1B9530C25912}.Release|x64.ActiveCfg = Release|x64
		{5FC7EF83-90C2-4D12-B980-1B9530C25912}.Release|x64.Build.0 = Release|x64
		{5FC7EF83-90C2-4D12-B980-1B9530C25912}.Release|x86.ActiveCfg = Release|Win32
		{5FC7EF83-90C2-4D12-B980-1B9530C25912}.Release|x86.Build.0 = Release|Win32
		{04C91036-A0A3-4D33-8C4E-DEF5B8523950}.Debug|x64.ActiveCfg = Debug|x64
		{04C91036-A0A3-4D33-8C4E-DEF5B8523950}.Debug|x64.Build.0 = Debug|x64
		{04C91036-A0A3-4D33-8C4E-DEF5B8523950}.Debug|x86.ActiveCfg = Debug|Win32
		{04C91036-A0A3-4D33-8C4E-DEF5B8523950}.Debug|x86.Build.0 = Debug|Win32
		{04C91036-A0A3-4D33-8C4E-DEF5B8523950}.Portable|x64.ActiveCfg = Portable|x64
		{04C91036-A0A3-4D33-8C4E-DEF5B8523950}.Portable|x64.Build.0 = Portable|x64
		{04C91036-A0A3-4D33-8C4E-DEF5B8523950}.Portable|x86.ActiveCfg = Portable|Win32
		{04C91036-A0A3-4D33-8C4E-DEF5B8523950}.Portable|x86.Build.0 = Portable|Win32
		{04C91036-A0A3-4D33-8C4E-DEF5B8523950}.Release|x64.ActiveCfg = Release|x64
		{04C91036-A0A3-4D33-8C4E-DEF5B8523950}.Release|x64.Build.0 = Release|x64
		{04C91036-A0A3-4D33-8C4E-DEF5B8523950}.Release|x86.ActiveCfg = Release|Win32
		{04C91036-A0A3-4D33-8C4E-DEF5B8523950}.Release|x86.Build.0 = Release|Win32
	EndGlobalSection
	GlobalSection(SolutionProperties) = preSolution
		HideSolutionNode = FALSE
	EndGlobalSection
	GlobalSection(ExtensibilityGlobals) = postSolution
		SolutionGuid = {AA117D05-060E-4EAF-8166-5B40B59BF3B0}
	EndGlobalSection
EndGlobal
