<?xml version="1.0" encoding="utf-8"?>
<Project ToolsVersion="4.0" xmlns="http://schemas.microsoft.com/developer/msbuild/2003">
  <ItemGroup>
    <Filter Include="Resources">
      <UniqueIdentifier>{8a974b9a-29ed-4e40-aa5f-2682b11f09b4}</UniqueIdentifier>
    </Filter>
    <Filter Include="Libraries">
      <UniqueIdentifier>{47573642-5476-4847-8056-0332308139fb}</UniqueIdentifier>
    </Filter>
    <Filter Include="Common">
      <UniqueIdentifier>{bb092c1c-d6e2-44fd-866f-bde3ab78c842}</UniqueIdentifier>
    </Filter>
    <Filter Include="RADDI">
      <UniqueIdentifier>{4308fd20-43c2-45b1-a1ea-75171a9db904}</UniqueIdentifier>
    </Filter>
    <Filter Include="RADDI\Structures">
      <UniqueIdentifier>{a5aa90ad-85b9-4ab5-9827-41c975945de2}</UniqueIdentifier>
    </Filter>
    <Filter Include="RADDI\Utility">
      <UniqueIdentifier>{f59996e6-45d0-4f43-8d41-bab6f8abcbfd}</UniqueIdentifier>
    </Filter>
  </ItemGroup>
  <ItemGroup>
    <ClCompile Include="app.cpp" />
    <ClCompile Include="..\common\directory.cpp">
      <Filter>Common</Filter>
    </ClCompile>
    <ClCompile Include="..\common\file.cpp">
      <Filter>Common</Filter>
    </ClCompile>
    <ClCompile Include="..\common\lock.cpp">
      <Filter>Common</Filter>
    </ClCompile>
    <ClCompile Include="..\common\log.cpp">
      <Filter>Common</Filter>
    </ClCompile>
    <ClCompile Include="..\common\platform.cpp">
      <Filter>Common</Filter>
    </ClCompile>
    <ClCompile Include="..\common\uuid.cpp">
      <Filter>Common</Filter>
    </ClCompile>
    <ClCompile Include="..\lib\sqlite3.c">
      <Filter>Libraries</Filter>
    </ClCompile>
    <ClCompile Include="..\lib\SQLite.cpp">
      <Filter>Libraries</Filter>
    </ClCompile>
    <ClCompile Include="data.cpp" />
    <ClCompile Include="view.cpp" />
    <ClCompile Include="appapi.cpp" />
    <ClCompile Include="tabs.cpp" />
    <ClCompile Include="..\core\raddi_iid.cpp">
      <Filter>RADDI\Structures</Filter>
    </ClCompile>
    <ClCompile Include="..\core\raddi_eid.cpp">
      <Filter>RADDI\Structures</Filter>
    </ClCompile>
    <ClCompile Include="..\core\raddi_timestamp.cpp">
      <Filter>RADDI\Utility</Filter>
    </ClCompile>
  </ItemGroup>
  <ItemGroup>
    <ResourceCompile Include="app-en.rc">
      <Filter>Resources</Filter>
    </ResourceCompile>
    <ResourceCompile Include="app.rc">
      <Filter>Resources</Filter>
    </ResourceCompile>
    <ResourceCompile Include="app-vi.rc">
      <Filter>Resources</Filter>
    </ResourceCompile>
    <ResourceCompile Include="..\common\log-en.rc">
      <Filter>Resources</Filter>
    </ResourceCompile>
  </ItemGroup>
  <ItemGroup>
    <Manifest Include="app.manifest">
      <Filter>Resources</Filter>
    </Manifest>
  </ItemGroup>
  <ItemGroup>
    <None Include="app.info">
      <Filter>Resources</Filter>
    </None>
    <None Include="..\lib\cuckoocycle.tcc">
      <Filter>Libraries</Filter>
    </None>
    <None Include="..\lib\SQLite.tcc">
      <Filter>Libraries</Filter>
    </None>
    <None Include="errorbox.tcc" />
  </ItemGroup>
  <ItemGroup>
    <Image Include="..\img\raddi.ico">
      <Filter>Resources</Filter>
    </Image>
  </ItemGroup>
  <ItemGroup>
    <ClInclude Include="..\lib\cuckoocycle.h">
      <Filter>Libraries</Filter>
    </ClInclude>
    <ClInclude Include="..\common\directory.h">
      <Filter>Common</Filter>
    </ClInclude>
    <ClInclude Include="..\common\file.h">
      <Filter>Common</Filter>
    </ClInclude>
    <ClInclude Include="..\common\lock.h">
      <Filter>Common</Filter>
    </ClInclude>
    <ClInclude Include="..\common\log.h">
      <Filter>Common</Filter>
    </ClInclude>
    <ClInclude Include="..\common\options.h">
      <Filter>Common</Filter>
    </ClInclude>
    <ClInclude Include="..\common\platform.h">
      <Filter>Common</Filter>
    </ClInclude>
    <ClInclude Include="..\common\uuid.h">
      <Filter>Common</Filter>
    </ClInclude>
    <ClInclude Include="..\lib\SQLite.hpp">
      <Filter>Libraries</Filter>
    </ClInclude>
    <ClInclude Include="data.h" />
    <ClInclude Include="errorbox.h" />
    <ClInclude Include="view.h" />
    <ClInclude Include="appapi.h" />
    <ClInclude Include="tabs.h" />
    <ClInclude Include="..\core\raddi_iid.h">
      <Filter>RADDI\Structures</Filter>
    </ClInclude>
    <ClInclude Include="..\core\raddi_eid.h">
      <Filter>RADDI\Structures</Filter>
    </ClInclude>
    <ClInclude Include="..\core\raddi_timestamp.h">
      <Filter>RADDI\Utility</Filter>
    </ClInclude>
  </ItemGroup>
</Project>