<?xml version="1.0" encoding="utf-8"?>
<Project ToolsVersion="4.0" xmlns="http://schemas.microsoft.com/developer/msbuild/2003">
  <ItemGroup>
    <Filter Include="Resources">
      <UniqueIdentifier>{8a974b9a-29ed-4e40-aa5f-2682b11f09b4}</UniqueIdentifier>
    </Filter>
    <Filter Include="Libraries">
      <UniqueIdentifier>{47573642-5476-4847-8056-0332308139fb}</UniqueIdentifier>
    </Filter>
    <Filter Include="Common">
      <UniqueIdentifier>{bb092c1c-d6e2-44fd-866f-bde3ab78c842}</UniqueIdentifier>
    </Filter>
  </ItemGroup>
  <ItemGroup>
    <ClCompile Include="app.cpp" />
    <ClCompile Include="..\common\directory.cpp">
      <Filter>Common</Filter>
    </ClCompile>
    <ClCompile Include="..\common\file.cpp">
      <Filter>Common</Filter>
    </ClCompile>
    <ClCompile Include="..\common\lock.cpp">
      <Filter>Common</Filter>
    </ClCompile>
    <ClCompile Include="..\common\log.cpp">
      <Filter>Common</Filter>
    </ClCompile>
    <ClCompile Include="..\common\platform.cpp">
      <Filter>Common</Filter>
    </ClCompile>
    <ClCompile Include="..\common\uuid.cpp">
      <Filter>Common</Filter>
    </ClCompile>
    <ClCompile Include="..\lib\sqlite3.c">
      <Filter>Libraries</Filter>
    </ClCompile>
  </ItemGroup>
  <ItemGroup>
    <ResourceCompile Include="app-en.rc">
      <Filter>Resources</Filter>
    </ResourceCompile>
    <ResourceCompile Include="app.rc">
      <Filter>Resources</Filter>
    </ResourceCompile>
    <ResourceCompile Include="app-vi.rc">
      <Filter>Resources</Filter>
    </ResourceCompile>
    <ResourceCompile Include="..\common\log-en.rc">
      <Filter>Resources</Filter>
    </ResourceCompile>
  </ItemGroup>
  <ItemGroup>
    <Manifest Include="app.manifest">
      <Filter>Resources</Filter>
    </Manifest>
  </ItemGroup>
  <ItemGroup>
    <None Include="app.info">
      <Filter>Resources</Filter>
    </None>
    <None Include="..\lib\cuckoocycle.tcc">
      <Filter>Libraries</Filter>
    </None>
  </ItemGroup>
  <ItemGroup>
    <Image Include="..\img\raddi.ico">
      <Filter>Resources</Filter>
    </Image>
  </ItemGroup>
  <ItemGroup>
    <ClInclude Include="..\lib\cuckoocycle.h">
      <Filter>Libraries</Filter>
    </ClInclude>
    <ClInclude Include="..\common\directory.h">
      <Filter>Common</Filter>
    </ClInclude>
    <ClInclude Include="..\common\file.h">
      <Filter>Common</Filter>
    </ClInclude>
    <ClInclude Include="..\common\lock.h">
      <Filter>Common</Filter>
    </ClInclude>
    <ClInclude Include="..\common\log.h">
      <Filter>Common</Filter>
    </ClInclude>
    <ClInclude Include="..\common\options.h">
      <Filter>Common</Filter>
    </ClInclude>
    <ClInclude Include="..\common\platform.h">
      <Filter>Common</Filter>
    </ClInclude>
    <ClInclude Include="..\common\uuid.h">
      <Filter>Common</Filter>
    </ClInclude>
  </ItemGroup>
</Project>