<?xml version="1.0" encoding="utf-8"?>
<Project ToolsVersion="4.0" xmlns="http://schemas.microsoft.com/developer/msbuild/2003">
  <ItemGroup>
    <Filter Include="Resources">
      <UniqueIdentifier>{8a974b9a-29ed-4e40-aa5f-2682b11f09b4}</UniqueIdentifier>
    </Filter>
    <Filter Include="Libraries">
      <UniqueIdentifier>{47573642-5476-4847-8056-0332308139fb}</UniqueIdentifier>
    </Filter>
    <Filter Include="Common">
      <UniqueIdentifier>{bb092c1c-d6e2-44fd-866f-bde3ab78c842}</UniqueIdentifier>
    </Filter>
    <Filter Include="RADDI">
      <UniqueIdentifier>{4308fd20-43c2-45b1-a1ea-75171a9db904}</UniqueIdentifier>
    </Filter>
    <Filter Include="RADDI\Structures">
      <UniqueIdentifier>{a5aa90ad-85b9-4ab5-9827-41c975945de2}</UniqueIdentifier>
    </Filter>
    <Filter Include="RADDI\Utility">
      <UniqueIdentifier>{f59996e6-45d0-4f43-8d41-bab6f8abcbfd}</UniqueIdentifier>
    </Filter>
    <Filter Include="RADDI\Local">
      <UniqueIdentifier>{bac94776-94ec-4e99-ad7a-3a4bf3eacfa6}</UniqueIdentifier>
    </Filter>
    <Filter Include="Controls">
      <UniqueIdentifier>{3152bd4f-36d1-4f5f-bff0-c526cd115930}</UniqueIdentifier>
    </Filter>
    <Filter Include="Dialogs">
      <UniqueIdentifier>{8f445428-2d5f-4d69-ad7e-7968cd1f6417}</UniqueIdentifier>
    </Filter>
    <Filter Include="Views">
      <UniqueIdentifier>{91a6bfbc-5094-4141-b117-0084b6cbe012}</UniqueIdentifier>
    </Filter>
    <Filter Include="RADDI\Database">
      <UniqueIdentifier>{80a698a9-062b-4777-bebf-0e8a95988942}</UniqueIdentifier>
    </Filter>
    <Filter Include="RADDI\Network">
      <UniqueIdentifier>{8a71e573-4767-45c5-bceb-f16d05c284e3}</UniqueIdentifier>
    </Filter>
    <Filter Include="Window">
      <UniqueIdentifier>{4faf47eb-abac-411b-a669-e702cfbda30e}</UniqueIdentifier>
    </Filter>
    <Filter Include="Data">
      <UniqueIdentifier>{c9c75cd8-8e4c-4f8e-96fe-4e66ac9905d1}</UniqueIdentifier>
    </Filter>
    <Filter Include="Controls\Helpers">
      <UniqueIdentifier>{ecd73c45-fa24-4820-972c-ef981564c21a}</UniqueIdentifier>
    </Filter>
    <Filter Include="Common\GUI">
      <UniqueIdentifier>{fca03bcb-75a3-445d-b8d1-f3ac52707f78}</UniqueIdentifier>
    </Filter>
  </ItemGroup>
  <ItemGroup>
    <ClCompile Include="app.cpp" />
    <ClCompile Include="..\common\directory.cpp">
      <Filter>Common</Filter>
    </ClCompile>
    <ClCompile Include="..\common\file.cpp">
      <Filter>Common</Filter>
    </ClCompile>
    <ClCompile Include="..\common\lock.cpp">
      <Filter>Common</Filter>
    </ClCompile>
    <ClCompile Include="..\common\log.cpp">
      <Filter>Common</Filter>
    </ClCompile>
    <ClCompile Include="..\common\platform.cpp">
      <Filter>Common</Filter>
    </ClCompile>
    <ClCompile Include="..\common\uuid.cpp">
      <Filter>Common</Filter>
    </ClCompile>
    <ClCompile Include="..\lib\sqlite3.c">
      <Filter>Libraries</Filter>
    </ClCompile>
    <ClCompile Include="..\lib\SQLite.cpp">
      <Filter>Libraries</Filter>
    </ClCompile>
    <ClCompile Include="..\core\raddi_iid.cpp">
      <Filter>RADDI\Structures</Filter>
    </ClCompile>
    <ClCompile Include="..\core\raddi_eid.cpp">
      <Filter>RADDI\Structures</Filter>
    </ClCompile>
    <ClCompile Include="..\core\raddi_timestamp.cpp">
      <Filter>RADDI\Utility</Filter>
    </ClCompile>
    <ClCompile Include="..\core\raddi_command.cpp">
      <Filter>RADDI\Local</Filter>
    </ClCompile>
    <ClCompile Include="..\core\raddi_instance.cpp">
      <Filter>RADDI\Local</Filter>
    </ClCompile>
    <ClCompile Include="feed.cpp">
      <Filter>Views</Filter>
    </ClCompile>
    <ClCompile Include="view.cpp">
      <Filter>Views</Filter>
    </ClCompile>
    <ClCompile Include="tabs.cpp">
      <Filter>Controls</Filter>
    </ClCompile>
    <ClCompile Include="..\core\raddi_database.cpp">
      <Filter>RADDI\Database</Filter>
    </ClCompile>
    <ClCompile Include="..\core\raddi_database_peerset.cpp">
      <Filter>RADDI\Database</Filter>
    </ClCompile>
    <ClCompile Include="..\core\raddi_database_shard.cpp">
      <Filter>RADDI\Database</Filter>
    </ClCompile>
    <ClCompile Include="..\core\raddi_database_table.cpp">
      <Filter>RADDI\Database</Filter>
    </ClCompile>
    <ClCompile Include="..\core\raddi_address.cpp">
      <Filter>RADDI\Network</Filter>
    </ClCompile>
    <ClCompile Include="..\core\raddi_content.cpp">
      <Filter>RADDI\Structures</Filter>
    </ClCompile>
    <ClCompile Include="..\core\raddi_entry.cpp">
      <Filter>RADDI\Structures</Filter>
    </ClCompile>
    <ClCompile Include="..\core\raddi_channel.cpp">
      <Filter>RADDI\Structures</Filter>
    </ClCompile>
    <ClCompile Include="..\core\raddi_identity.cpp">
      <Filter>RADDI\Structures</Filter>
    </ClCompile>
    <ClCompile Include="..\core\raddi_proof.cpp">
      <Filter>RADDI\Structures</Filter>
    </ClCompile>
    <ClCompile Include="property.cpp">
      <Filter>Window</Filter>
    </ClCompile>
    <ClCompile Include="window.cpp">
      <Filter>Window</Filter>
    </ClCompile>
    <ClCompile Include="data.cpp">
      <Filter>Data</Filter>
    </ClCompile>
    <ClCompile Include="resolver.cpp">
      <Filter>Data</Filter>
    </ClCompile>
    <ClCompile Include="editbox.cpp">
      <Filter>Dialogs</Filter>
    </ClCompile>
    <ClCompile Include="menus.cpp">
      <Filter>Window</Filter>
    </ClCompile>
    <ClCompile Include="window_layout.cpp">
      <Filter>Window</Filter>
    </ClCompile>
    <ClCompile Include="prompts.cpp">
      <Filter>Dialogs</Filter>
    </ClCompile>
    <ClCompile Include="searchbox.cpp">
      <Filter>Dialogs</Filter>
    </ClCompile>
    <ClCompile Include="listview_helpers.cpp">
      <Filter>Controls\Helpers</Filter>
    </ClCompile>
    <ClCompile Include="..\common\node.cpp">
      <Filter>Common</Filter>
    </ClCompile>
    <ClCompile Include="..\common\appapi.cpp">
      <Filter>Common\GUI</Filter>
    </ClCompile>
    <ClCompile Include="..\common\window_environment.cpp">
      <Filter>Window</Filter>
    </ClCompile>
    <ClCompile Include="lists.cpp">
      <Filter>Views</Filter>
    </ClCompile>
    <ClCompile Include="channels.cpp">
      <Filter>Views</Filter>
    </ClCompile>
  </ItemGroup>
  <ItemGroup>
    <ResourceCompile Include="app-en.rc">
      <Filter>Resources</Filter>
    </ResourceCompile>
    <ResourceCompile Include="app.rc">
      <Filter>Resources</Filter>
    </ResourceCompile>
    <ResourceCompile Include="app-vi.rc">
      <Filter>Resources</Filter>
    </ResourceCompile>
    <ResourceCompile Include="..\common\log-en.rc">
      <Filter>Resources</Filter>
    </ResourceCompile>
    <ResourceCompile Include="..\core\raddi_database.rc">
      <Filter>RADDI\Database</Filter>
    </ResourceCompile>
  </ItemGroup>
  <ItemGroup>
    <Manifest Include="app.manifest">
      <Filter>Resources</Filter>
    </Manifest>
  </ItemGroup>
  <ItemGroup>
    <None Include="app.info">
      <Filter>Resources</Filter>
    </None>
    <None Include="..\lib\cuckoocycle.tcc">
      <Filter>Libraries</Filter>
    </None>
    <None Include="..\lib\SQLite.tcc">
      <Filter>Libraries</Filter>
    </None>
    <None Include="..\core\raddi_database.tcc">
      <Filter>RADDI\Database</Filter>
    </None>
    <None Include="..\core\raddi_database_shard.tcc">
      <Filter>RADDI\Database</Filter>
    </None>
    <None Include="..\core\raddi_database_table.tcc">
      <Filter>RADDI\Database</Filter>
    </None>
    <None Include="..\common\errorbox.tcc">
      <Filter>Common\GUI</Filter>
    </None>
  </ItemGroup>
  <ItemGroup>
    <Image Include="..\img\raddi.ico">
      <Filter>Resources</Filter>
    </Image>
  </ItemGroup>
  <ItemGroup>
    <ClInclude Include="..\lib\cuckoocycle.h">
      <Filter>Libraries</Filter>
    </ClInclude>
    <ClInclude Include="..\common\directory.h">
      <Filter>Common</Filter>
    </ClInclude>
    <ClInclude Include="..\common\file.h">
      <Filter>Common</Filter>
    </ClInclude>
    <ClInclude Include="..\common\lock.h">
      <Filter>Common</Filter>
    </ClInclude>
    <ClInclude Include="..\common\log.h">
      <Filter>Common</Filter>
    </ClInclude>
    <ClInclude Include="..\common\options.h">
      <Filter>Common</Filter>
    </ClInclude>
    <ClInclude Include="..\common\platform.h">
      <Filter>Common</Filter>
    </ClInclude>
    <ClInclude Include="..\common\uuid.h">
      <Filter>Common</Filter>
    </ClInclude>
    <ClInclude Include="..\lib\SQLite.hpp">
      <Filter>Libraries</Filter>
    </ClInclude>
    <ClInclude Include="..\core\raddi_iid.h">
      <Filter>RADDI\Structures</Filter>
    </ClInclude>
    <ClInclude Include="..\core\raddi_eid.h">
      <Filter>RADDI\Structures</Filter>
    </ClInclude>
    <ClInclude Include="..\core\raddi_timestamp.h">
      <Filter>RADDI\Utility</Filter>
    </ClInclude>
    <ClInclude Include="..\core\raddi_command.h">
      <Filter>RADDI\Local</Filter>
    </ClInclude>
    <ClInclude Include="..\core\raddi_instance.h">
      <Filter>RADDI\Local</Filter>
    </ClInclude>
    <ClInclude Include="feed.h">
      <Filter>Views</Filter>
    </ClInclude>
    <ClInclude Include="view.h">
      <Filter>Views</Filter>
    </ClInclude>
    <ClInclude Include="tabs.h">
      <Filter>Controls</Filter>
    </ClInclude>
    <ClInclude Include="..\core\raddi_database.h">
      <Filter>RADDI\Database</Filter>
    </ClInclude>
    <ClInclude Include="..\core\raddi_database_peerset.h">
      <Filter>RADDI\Database</Filter>
    </ClInclude>
    <ClInclude Include="..\core\raddi_database_row.h">
      <Filter>RADDI\Database</Filter>
    </ClInclude>
    <ClInclude Include="..\core\raddi_database_shard.h">
      <Filter>RADDI\Database</Filter>
    </ClInclude>
    <ClInclude Include="..\core\raddi_database_table.h">
      <Filter>RADDI\Database</Filter>
    </ClInclude>
    <ClInclude Include="..\core\raddi_address.h">
      <Filter>RADDI\Network</Filter>
    </ClInclude>
    <ClInclude Include="..\core\raddi_content.h">
      <Filter>RADDI\Structures</Filter>
    </ClInclude>
    <ClInclude Include="..\core\raddi_entry.h">
      <Filter>RADDI\Structures</Filter>
    </ClInclude>
    <ClInclude Include="..\core\raddi_channel.h">
      <Filter>RADDI\Structures</Filter>
    </ClInclude>
    <ClInclude Include="..\core\raddi_identity.h">
      <Filter>RADDI\Structures</Filter>
    </ClInclude>
    <ClInclude Include="..\core\raddi_proof.h">
      <Filter>RADDI\Structures</Filter>
    </ClInclude>
    <ClInclude Include="..\core\raddi_consensus.h">
      <Filter>RADDI</Filter>
    </ClInclude>
    <ClInclude Include="..\core\raddi_defaults.h">
      <Filter>RADDI</Filter>
    </ClInclude>
    <ClInclude Include="window.h">
      <Filter>Window</Filter>
    </ClInclude>
    <ClInclude Include="property.h">
      <Filter>Window</Filter>
    </ClInclude>
    <ClInclude Include="data.h">
      <Filter>Data</Filter>
    </ClInclude>
    <ClInclude Include="resolver.h">
      <Filter>Data</Filter>
    </ClInclude>
    <ClInclude Include="editbox.h">
      <Filter>Dialogs</Filter>
    </ClInclude>
    <ClInclude Include="menus.h">
      <Filter>Window</Filter>
    </ClInclude>
    <ClInclude Include="prompts.h">
      <Filter>Dialogs</Filter>
    </ClInclude>
    <ClInclude Include="searchbox.h">
      <Filter>Dialogs</Filter>
    </ClInclude>
    <ClInclude Include="listview_helpers.h">
      <Filter>Controls\Helpers</Filter>
    </ClInclude>
    <ClInclude Include="..\common\node.h">
      <Filter>Common</Filter>
    </ClInclude>
    <ClInclude Include="..\common\appapi.h">
      <Filter>Common\GUI</Filter>
    </ClInclude>
    <ClInclude Include="..\common\errorbox.h">
      <Filter>Common\GUI</Filter>
    </ClInclude>
    <ClInclude Include="..\common\window_environment.h">
      <Filter>Window</Filter>
    </ClInclude>
    <ClInclude Include="lists.h">
      <Filter>Views</Filter>
    </ClInclude>
    <ClInclude Include="channels.h">
      <Filter>Views</Filter>
    </ClInclude>
  </ItemGroup>
</Project>